
Microsoft Visual Studio Solution File, Format Version 12.00
# Visual Studio 14
VisualStudioVersion = 14.0.25420.1
MinimumVisualStudioVersion = 10.0.40219.1
Project("{2150E333-8FDC-42A3-9474-1A3956D46DE8}") = "Solution Items", "Solution Items", "{5EA01E67-40A4-4220-8DAA-427A3F635372}"
	ProjectSection(SolutionItems) = preProject
		LIB_Selenium1.vsmdi = LIB_Selenium1.vsmdi
		Local.testsettings = Local.testsettings
		Todo.txt = Todo.txt
		TraceAndTestImpact.testsettings = TraceAndTestImpact.testsettings
	EndProjectSection
EndProject
Project("{2150E333-8FDC-42A3-9474-1A3956D46DE8}") = "_WebDrivers", "_WebDrivers", "{E8F31DD9-D108-4CDD-91BC-DBA67F8F761F}"
	ProjectSection(SolutionItems) = preProject
		DevTools\chromedriver.exe = DevTools\chromedriver.exe
		DevTools\IEDriverServer.exe = DevTools\IEDriverServer.exe
		DevTools\MicrosoftWebDriver.exe = DevTools\MicrosoftWebDriver.exe
	EndProjectSection
EndProject
Project("{2150E333-8FDC-42A3-9474-1A3956D46DE8}") = "Extension", "Extension", "{121173EA-1063-405C-84DF-406629D30992}"
EndProject
Project("{2150E333-8FDC-42A3-9474-1A3956D46DE8}") = ".nuget", ".nuget", "{73CDC53F-69EC-4AF1-9D4A-78F6DF4AB7EF}"
	ProjectSection(SolutionItems) = preProject
		.nuget\packages.config = .nuget\packages.config
	EndProjectSection
EndProject
Project("{2150E333-8FDC-42A3-9474-1A3956D46DE8}") = "Test", "Test", "{A7E4F8F3-CC23-4369-A80E-6E096FC1F746}"
EndProject
Project("{FAE04EC0-301F-11D3-BF4B-00C04F79EFBC}") = "SeleniumTester", "SeleniumTester\SeleniumTester.csproj", "{1E2831B7-7587-4AE5-B864-674B01DEE8E4}"
EndProject
Project("{FAE04EC0-301F-11D3-BF4B-00C04F79EFBC}") = "SpecByExample.Common", "SpecByExample.Common\SpecByExample.Common.csproj", "{BBA9A2E5-355D-4427-B5B7-8022B1C9EE13}"
EndProject
Project("{FAE04EC0-301F-11D3-BF4B-00C04F79EFBC}") = "SpecByExample.T4", "SpecByExample.T4\SpecByExample.T4.csproj", "{D7385152-80CF-4F6E-BDD4-5FCFE7636C4F}"
EndProject
Project("{FAE04EC0-301F-11D3-BF4B-00C04F79EFBC}") = "SpecByExample.ProjectTemplate", "SpecByExample.ProjectTemplate\SpecByExample.ProjectTemplate.csproj", "{FE45AD2A-5B68-4F08-A8EC-A50272011CB7}"
EndProject
Project("{FAE04EC0-301F-11D3-BF4B-00C04F79EFBC}") = "SpecByExample.ItemTemplate", "SpecByExample.ItemTemplate\SpecByExample.ItemTemplate.csproj", "{4FBEEDE7-7A33-4904-8B2E-0CE830161918}"
EndProject
Project("{FAE04EC0-301F-11D3-BF4B-00C04F79EFBC}") = "SpecByExample.Installer", "SpecByExample.Installer\SpecByExample.Installer.csproj", "{708F17E5-6273-4008-945E-137CEBA409FD}"
EndProject
Project("{FAE04EC0-301F-11D3-BF4B-00C04F79EFBC}") = "SpecByExample.Tests", "SpecByExample.Tests\SpecByExample.Tests.csproj", "{BB1CC0E4-83A7-4386-B447-3D86B224915E}"
EndProject
Project("{2150E333-8FDC-42A3-9474-1A3956D46DE8}") = "_Publish", "_Publish", "{6CA14869-A512-4A79-804E-6D340CEE3DAF}"
	ProjectSection(SolutionItems) = preProject
		PublishToNuget.cmd = PublishToNuget.cmd
	EndProjectSection
EndProject
Project("{FAE04EC0-301F-11D3-BF4B-00C04F79EFBC}") = "SpecByExample.PageAdapterGenerator", "SpecByExample.PageAdapterGenerator\SpecByExample.PageAdapterGenerator.csproj", "{EFCBD374-702D-44CD-B06C-E66E137F5EFD}"
EndProject
Project("{FAE04EC0-301F-11D3-BF4B-00C04F79EFBC}") = "WizardTester", "WizardTester\WizardTester.csproj", "{63B3BC8A-94F8-41F9-8D0B-5D6967140316}"
EndProject
Project("{FAE04EC0-301F-11D3-BF4B-00C04F79EFBC}") = "SpecByExample.T4.Tests", "SpecByExample.T4.Tests\SpecByExample.T4.Tests.csproj", "{093B9268-2E1D-44A4-A716-656700E3E176}"
EndProject
Global
	GlobalSection(SolutionConfigurationPlatforms) = preSolution
		AutomatedDebug|Any CPU = AutomatedDebug|Any CPU
		AutomatedDebug|Mixed Platforms = AutomatedDebug|Mixed Platforms
		AutomatedDebug|x86 = AutomatedDebug|x86
		Debug (.Net 4.0)|Any CPU = Debug (.Net 4.0)|Any CPU
		Debug (.Net 4.0)|Mixed Platforms = Debug (.Net 4.0)|Mixed Platforms
		Debug (.Net 4.0)|x86 = Debug (.Net 4.0)|x86
		Debug|Any CPU = Debug|Any CPU
		Debug|Mixed Platforms = Debug|Mixed Platforms
		Debug|x86 = Debug|x86
		Release (.Net 4.0)|Any CPU = Release (.Net 4.0)|Any CPU
		Release (.Net 4.0)|Mixed Platforms = Release (.Net 4.0)|Mixed Platforms
		Release (.Net 4.0)|x86 = Release (.Net 4.0)|x86
		Release|Any CPU = Release|Any CPU
		Release|Mixed Platforms = Release|Mixed Platforms
		Release|x86 = Release|x86
	EndGlobalSection
	GlobalSection(ProjectConfigurationPlatforms) = postSolution
		{1E2831B7-7587-4AE5-B864-674B01DEE8E4}.AutomatedDebug|Any CPU.ActiveCfg = Debug|x86
		{1E2831B7-7587-4AE5-B864-674B01DEE8E4}.AutomatedDebug|Mixed Platforms.ActiveCfg = Debug|x86
		{1E2831B7-7587-4AE5-B864-674B01DEE8E4}.AutomatedDebug|Mixed Platforms.Build.0 = Debug|x86
		{1E2831B7-7587-4AE5-B864-674B01DEE8E4}.AutomatedDebug|x86.ActiveCfg = Debug|x86
		{1E2831B7-7587-4AE5-B864-674B01DEE8E4}.AutomatedDebug|x86.Build.0 = Debug|x86
		{1E2831B7-7587-4AE5-B864-674B01DEE8E4}.Debug (.Net 4.0)|Any CPU.ActiveCfg = Debug|x86
		{1E2831B7-7587-4AE5-B864-674B01DEE8E4}.Debug (.Net 4.0)|Mixed Platforms.ActiveCfg = Debug|x86
		{1E2831B7-7587-4AE5-B864-674B01DEE8E4}.Debug (.Net 4.0)|Mixed Platforms.Build.0 = Debug|x86
		{1E2831B7-7587-4AE5-B864-674B01DEE8E4}.Debug (.Net 4.0)|x86.ActiveCfg = Debug|x86
		{1E2831B7-7587-4AE5-B864-674B01DEE8E4}.Debug (.Net 4.0)|x86.Build.0 = Debug|x86
		{1E2831B7-7587-4AE5-B864-674B01DEE8E4}.Debug|Any CPU.ActiveCfg = Debug|x86
		{1E2831B7-7587-4AE5-B864-674B01DEE8E4}.Debug|Mixed Platforms.ActiveCfg = Debug|x86
		{1E2831B7-7587-4AE5-B864-674B01DEE8E4}.Debug|Mixed Platforms.Build.0 = Debug|x86
		{1E2831B7-7587-4AE5-B864-674B01DEE8E4}.Debug|x86.ActiveCfg = Debug|x86
		{1E2831B7-7587-4AE5-B864-674B01DEE8E4}.Debug|x86.Build.0 = Debug|x86
		{1E2831B7-7587-4AE5-B864-674B01DEE8E4}.Release (.Net 4.0)|Any CPU.ActiveCfg = Release|x86
		{1E2831B7-7587-4AE5-B864-674B01DEE8E4}.Release (.Net 4.0)|Mixed Platforms.ActiveCfg = Release|x86
		{1E2831B7-7587-4AE5-B864-674B01DEE8E4}.Release (.Net 4.0)|Mixed Platforms.Build.0 = Release|x86
		{1E2831B7-7587-4AE5-B864-674B01DEE8E4}.Release (.Net 4.0)|x86.ActiveCfg = Release|x86
		{1E2831B7-7587-4AE5-B864-674B01DEE8E4}.Release (.Net 4.0)|x86.Build.0 = Release|x86
		{1E2831B7-7587-4AE5-B864-674B01DEE8E4}.Release|Any CPU.ActiveCfg = Release|x86
		{1E2831B7-7587-4AE5-B864-674B01DEE8E4}.Release|Mixed Platforms.ActiveCfg = Release|x86
		{1E2831B7-7587-4AE5-B864-674B01DEE8E4}.Release|Mixed Platforms.Build.0 = Release|x86
		{1E2831B7-7587-4AE5-B864-674B01DEE8E4}.Release|x86.ActiveCfg = Release|x86
		{1E2831B7-7587-4AE5-B864-674B01DEE8E4}.Release|x86.Build.0 = Release|x86
		{BBA9A2E5-355D-4427-B5B7-8022B1C9EE13}.AutomatedDebug|Any CPU.ActiveCfg = Debug|Any CPU
		{BBA9A2E5-355D-4427-B5B7-8022B1C9EE13}.AutomatedDebug|Any CPU.Build.0 = Debug|Any CPU
		{BBA9A2E5-355D-4427-B5B7-8022B1C9EE13}.AutomatedDebug|Mixed Platforms.ActiveCfg = Debug|Any CPU
		{BBA9A2E5-355D-4427-B5B7-8022B1C9EE13}.AutomatedDebug|Mixed Platforms.Build.0 = Debug|Any CPU
		{BBA9A2E5-355D-4427-B5B7-8022B1C9EE13}.AutomatedDebug|x86.ActiveCfg = Debug|Any CPU
		{BBA9A2E5-355D-4427-B5B7-8022B1C9EE13}.AutomatedDebug|x86.Build.0 = Debug|Any CPU
		{BBA9A2E5-355D-4427-B5B7-8022B1C9EE13}.Debug (.Net 4.0)|Any CPU.ActiveCfg = Debug|Any CPU
		{BBA9A2E5-355D-4427-B5B7-8022B1C9EE13}.Debug (.Net 4.0)|Any CPU.Build.0 = Debug|Any CPU
		{BBA9A2E5-355D-4427-B5B7-8022B1C9EE13}.Debug (.Net 4.0)|Mixed Platforms.ActiveCfg = Debug|Any CPU
		{BBA9A2E5-355D-4427-B5B7-8022B1C9EE13}.Debug (.Net 4.0)|Mixed Platforms.Build.0 = Debug|Any CPU
		{BBA9A2E5-355D-4427-B5B7-8022B1C9EE13}.Debug (.Net 4.0)|x86.ActiveCfg = Debug|Any CPU
		{BBA9A2E5-355D-4427-B5B7-8022B1C9EE13}.Debug (.Net 4.0)|x86.Build.0 = Debug|Any CPU
		{BBA9A2E5-355D-4427-B5B7-8022B1C9EE13}.Debug|Any CPU.ActiveCfg = Debug|Any CPU
		{BBA9A2E5-355D-4427-B5B7-8022B1C9EE13}.Debug|Any CPU.Build.0 = Debug|Any CPU
		{BBA9A2E5-355D-4427-B5B7-8022B1C9EE13}.Debug|Mixed Platforms.ActiveCfg = Debug|Any CPU
		{BBA9A2E5-355D-4427-B5B7-8022B1C9EE13}.Debug|Mixed Platforms.Build.0 = Debug|Any CPU
		{BBA9A2E5-355D-4427-B5B7-8022B1C9EE13}.Debug|x86.ActiveCfg = Debug|Any CPU
		{BBA9A2E5-355D-4427-B5B7-8022B1C9EE13}.Debug|x86.Build.0 = Debug|Any CPU
		{BBA9A2E5-355D-4427-B5B7-8022B1C9EE13}.Release (.Net 4.0)|Any CPU.ActiveCfg = Release|Any CPU
		{BBA9A2E5-355D-4427-B5B7-8022B1C9EE13}.Release (.Net 4.0)|Any CPU.Build.0 = Release|Any CPU
		{BBA9A2E5-355D-4427-B5B7-8022B1C9EE13}.Release (.Net 4.0)|Mixed Platforms.ActiveCfg = Release|Any CPU
		{BBA9A2E5-355D-4427-B5B7-8022B1C9EE13}.Release (.Net 4.0)|Mixed Platforms.Build.0 = Release|Any CPU
		{BBA9A2E5-355D-4427-B5B7-8022B1C9EE13}.Release (.Net 4.0)|x86.ActiveCfg = Release|Any CPU
		{BBA9A2E5-355D-4427-B5B7-8022B1C9EE13}.Release (.Net 4.0)|x86.Build.0 = Release|Any CPU
		{BBA9A2E5-355D-4427-B5B7-8022B1C9EE13}.Release|Any CPU.ActiveCfg = Release|Any CPU
		{BBA9A2E5-355D-4427-B5B7-8022B1C9EE13}.Release|Any CPU.Build.0 = Release|Any CPU
		{BBA9A2E5-355D-4427-B5B7-8022B1C9EE13}.Release|Mixed Platforms.ActiveCfg = Release|Any CPU
		{BBA9A2E5-355D-4427-B5B7-8022B1C9EE13}.Release|Mixed Platforms.Build.0 = Release|Any CPU
		{BBA9A2E5-355D-4427-B5B7-8022B1C9EE13}.Release|x86.ActiveCfg = Release|Any CPU
		{BBA9A2E5-355D-4427-B5B7-8022B1C9EE13}.Release|x86.Build.0 = Release|Any CPU
		{D7385152-80CF-4F6E-BDD4-5FCFE7636C4F}.AutomatedDebug|Any CPU.ActiveCfg = Debug|Any CPU
		{D7385152-80CF-4F6E-BDD4-5FCFE7636C4F}.AutomatedDebug|Any CPU.Build.0 = Debug|Any CPU
		{D7385152-80CF-4F6E-BDD4-5FCFE7636C4F}.AutomatedDebug|Mixed Platforms.ActiveCfg = Debug|Any CPU
		{D7385152-80CF-4F6E-BDD4-5FCFE7636C4F}.AutomatedDebug|Mixed Platforms.Build.0 = Debug|Any CPU
		{D7385152-80CF-4F6E-BDD4-5FCFE7636C4F}.AutomatedDebug|x86.ActiveCfg = Debug|Any CPU
		{D7385152-80CF-4F6E-BDD4-5FCFE7636C4F}.AutomatedDebug|x86.Build.0 = Debug|Any CPU
		{D7385152-80CF-4F6E-BDD4-5FCFE7636C4F}.Debug (.Net 4.0)|Any CPU.ActiveCfg = Debug|Any CPU
		{D7385152-80CF-4F6E-BDD4-5FCFE7636C4F}.Debug (.Net 4.0)|Any CPU.Build.0 = Debug|Any CPU
		{D7385152-80CF-4F6E-BDD4-5FCFE7636C4F}.Debug (.Net 4.0)|Mixed Platforms.ActiveCfg = Debug|Any CPU
		{D7385152-80CF-4F6E-BDD4-5FCFE7636C4F}.Debug (.Net 4.0)|Mixed Platforms.Build.0 = Debug|Any CPU
		{D7385152-80CF-4F6E-BDD4-5FCFE7636C4F}.Debug (.Net 4.0)|x86.ActiveCfg = Debug|Any CPU
		{D7385152-80CF-4F6E-BDD4-5FCFE7636C4F}.Debug (.Net 4.0)|x86.Build.0 = Debug|Any CPU
		{D7385152-80CF-4F6E-BDD4-5FCFE7636C4F}.Debug|Any CPU.ActiveCfg = Debug|Any CPU
		{D7385152-80CF-4F6E-BDD4-5FCFE7636C4F}.Debug|Any CPU.Build.0 = Debug|Any CPU
		{D7385152-80CF-4F6E-BDD4-5FCFE7636C4F}.Debug|Mixed Platforms.ActiveCfg = Debug|Any CPU
		{D7385152-80CF-4F6E-BDD4-5FCFE7636C4F}.Debug|Mixed Platforms.Build.0 = Debug|Any CPU
		{D7385152-80CF-4F6E-BDD4-5FCFE7636C4F}.Debug|x86.ActiveCfg = Debug|Any CPU
		{D7385152-80CF-4F6E-BDD4-5FCFE7636C4F}.Debug|x86.Build.0 = Debug|Any CPU
		{D7385152-80CF-4F6E-BDD4-5FCFE7636C4F}.Release (.Net 4.0)|Any CPU.ActiveCfg = Release|Any CPU
		{D7385152-80CF-4F6E-BDD4-5FCFE7636C4F}.Release (.Net 4.0)|Any CPU.Build.0 = Release|Any CPU
		{D7385152-80CF-4F6E-BDD4-5FCFE7636C4F}.Release (.Net 4.0)|Mixed Platforms.ActiveCfg = Release|Any CPU
		{D7385152-80CF-4F6E-BDD4-5FCFE7636C4F}.Release (.Net 4.0)|Mixed Platforms.Build.0 = Release|Any CPU
		{D7385152-80CF-4F6E-BDD4-5FCFE7636C4F}.Release (.Net 4.0)|x86.ActiveCfg = Release|Any CPU
		{D7385152-80CF-4F6E-BDD4-5FCFE7636C4F}.Release (.Net 4.0)|x86.Build.0 = Release|Any CPU
		{D7385152-80CF-4F6E-BDD4-5FCFE7636C4F}.Release|Any CPU.ActiveCfg = Release|Any CPU
		{D7385152-80CF-4F6E-BDD4-5FCFE7636C4F}.Release|Any CPU.Build.0 = Release|Any CPU
		{D7385152-80CF-4F6E-BDD4-5FCFE7636C4F}.Release|Mixed Platforms.ActiveCfg = Release|Any CPU
		{D7385152-80CF-4F6E-BDD4-5FCFE7636C4F}.Release|Mixed Platforms.Build.0 = Release|Any CPU
		{D7385152-80CF-4F6E-BDD4-5FCFE7636C4F}.Release|x86.ActiveCfg = Release|Any CPU
		{D7385152-80CF-4F6E-BDD4-5FCFE7636C4F}.Release|x86.Build.0 = Release|Any CPU
		{FE45AD2A-5B68-4F08-A8EC-A50272011CB7}.AutomatedDebug|Any CPU.ActiveCfg = Debug|Any CPU
		{FE45AD2A-5B68-4F08-A8EC-A50272011CB7}.AutomatedDebug|Any CPU.Build.0 = Debug|Any CPU
		{FE45AD2A-5B68-4F08-A8EC-A50272011CB7}.AutomatedDebug|Mixed Platforms.ActiveCfg = Debug|Any CPU
		{FE45AD2A-5B68-4F08-A8EC-A50272011CB7}.AutomatedDebug|Mixed Platforms.Build.0 = Debug|Any CPU
		{FE45AD2A-5B68-4F08-A8EC-A50272011CB7}.AutomatedDebug|x86.ActiveCfg = Debug|Any CPU
		{FE45AD2A-5B68-4F08-A8EC-A50272011CB7}.AutomatedDebug|x86.Build.0 = Debug|Any CPU
		{FE45AD2A-5B68-4F08-A8EC-A50272011CB7}.Debug (.Net 4.0)|Any CPU.ActiveCfg = Debug|Any CPU
		{FE45AD2A-5B68-4F08-A8EC-A50272011CB7}.Debug (.Net 4.0)|Any CPU.Build.0 = Debug|Any CPU
		{FE45AD2A-5B68-4F08-A8EC-A50272011CB7}.Debug (.Net 4.0)|Mixed Platforms.ActiveCfg = Debug|Any CPU
		{FE45AD2A-5B68-4F08-A8EC-A50272011CB7}.Debug (.Net 4.0)|Mixed Platforms.Build.0 = Debug|Any CPU
		{FE45AD2A-5B68-4F08-A8EC-A50272011CB7}.Debug (.Net 4.0)|x86.ActiveCfg = Debug|Any CPU
		{FE45AD2A-5B68-4F08-A8EC-A50272011CB7}.Debug (.Net 4.0)|x86.Build.0 = Debug|Any CPU
		{FE45AD2A-5B68-4F08-A8EC-A50272011CB7}.Debug|Any CPU.ActiveCfg = Debug|Any CPU
		{FE45AD2A-5B68-4F08-A8EC-A50272011CB7}.Debug|Any CPU.Build.0 = Debug|Any CPU
		{FE45AD2A-5B68-4F08-A8EC-A50272011CB7}.Debug|Mixed Platforms.ActiveCfg = Debug|Any CPU
		{FE45AD2A-5B68-4F08-A8EC-A50272011CB7}.Debug|Mixed Platforms.Build.0 = Debug|Any CPU
		{FE45AD2A-5B68-4F08-A8EC-A50272011CB7}.Debug|x86.ActiveCfg = Debug|Any CPU
		{FE45AD2A-5B68-4F08-A8EC-A50272011CB7}.Debug|x86.Build.0 = Debug|Any CPU
		{FE45AD2A-5B68-4F08-A8EC-A50272011CB7}.Release (.Net 4.0)|Any CPU.ActiveCfg = Release|Any CPU
		{FE45AD2A-5B68-4F08-A8EC-A50272011CB7}.Release (.Net 4.0)|Any CPU.Build.0 = Release|Any CPU
		{FE45AD2A-5B68-4F08-A8EC-A50272011CB7}.Release (.Net 4.0)|Mixed Platforms.ActiveCfg = Release|Any CPU
		{FE45AD2A-5B68-4F08-A8EC-A50272011CB7}.Release (.Net 4.0)|Mixed Platforms.Build.0 = Release|Any CPU
		{FE45AD2A-5B68-4F08-A8EC-A50272011CB7}.Release (.Net 4.0)|x86.ActiveCfg = Release|Any CPU
		{FE45AD2A-5B68-4F08-A8EC-A50272011CB7}.Release (.Net 4.0)|x86.Build.0 = Release|Any CPU
		{FE45AD2A-5B68-4F08-A8EC-A50272011CB7}.Release|Any CPU.ActiveCfg = Release|Any CPU
		{FE45AD2A-5B68-4F08-A8EC-A50272011CB7}.Release|Any CPU.Build.0 = Release|Any CPU
		{FE45AD2A-5B68-4F08-A8EC-A50272011CB7}.Release|Mixed Platforms.ActiveCfg = Release|Any CPU
		{FE45AD2A-5B68-4F08-A8EC-A50272011CB7}.Release|Mixed Platforms.Build.0 = Release|Any CPU
		{FE45AD2A-5B68-4F08-A8EC-A50272011CB7}.Release|x86.ActiveCfg = Release|Any CPU
		{FE45AD2A-5B68-4F08-A8EC-A50272011CB7}.Release|x86.Build.0 = Release|Any CPU
		{4FBEEDE7-7A33-4904-8B2E-0CE830161918}.AutomatedDebug|Any CPU.ActiveCfg = Debug|Any CPU
		{4FBEEDE7-7A33-4904-8B2E-0CE830161918}.AutomatedDebug|Any CPU.Build.0 = Debug|Any CPU
		{4FBEEDE7-7A33-4904-8B2E-0CE830161918}.AutomatedDebug|Mixed Platforms.ActiveCfg = Debug|Any CPU
		{4FBEEDE7-7A33-4904-8B2E-0CE830161918}.AutomatedDebug|Mixed Platforms.Build.0 = Debug|Any CPU
		{4FBEEDE7-7A33-4904-8B2E-0CE830161918}.AutomatedDebug|x86.ActiveCfg = Debug|Any CPU
		{4FBEEDE7-7A33-4904-8B2E-0CE830161918}.AutomatedDebug|x86.Build.0 = Debug|Any CPU
		{4FBEEDE7-7A33-4904-8B2E-0CE830161918}.Debug (.Net 4.0)|Any CPU.ActiveCfg = Debug|Any CPU
		{4FBEEDE7-7A33-4904-8B2E-0CE830161918}.Debug (.Net 4.0)|Any CPU.Build.0 = Debug|Any CPU
		{4FBEEDE7-7A33-4904-8B2E-0CE830161918}.Debug (.Net 4.0)|Mixed Platforms.ActiveCfg = Debug|Any CPU
		{4FBEEDE7-7A33-4904-8B2E-0CE830161918}.Debug (.Net 4.0)|Mixed Platforms.Build.0 = Debug|Any CPU
		{4FBEEDE7-7A33-4904-8B2E-0CE830161918}.Debug (.Net 4.0)|x86.ActiveCfg = Debug|Any CPU
		{4FBEEDE7-7A33-4904-8B2E-0CE830161918}.Debug (.Net 4.0)|x86.Build.0 = Debug|Any CPU
		{4FBEEDE7-7A33-4904-8B2E-0CE830161918}.Debug|Any CPU.ActiveCfg = Debug|Any CPU
		{4FBEEDE7-7A33-4904-8B2E-0CE830161918}.Debug|Any CPU.Build.0 = Debug|Any CPU
		{4FBEEDE7-7A33-4904-8B2E-0CE830161918}.Debug|Mixed Platforms.ActiveCfg = Debug|Any CPU
		{4FBEEDE7-7A33-4904-8B2E-0CE830161918}.Debug|Mixed Platforms.Build.0 = Debug|Any CPU
		{4FBEEDE7-7A33-4904-8B2E-0CE830161918}.Debug|x86.ActiveCfg = Debug|Any CPU
		{4FBEEDE7-7A33-4904-8B2E-0CE830161918}.Debug|x86.Build.0 = Debug|Any CPU
		{4FBEEDE7-7A33-4904-8B2E-0CE830161918}.Release (.Net 4.0)|Any CPU.ActiveCfg = Release|Any CPU
		{4FBEEDE7-7A33-4904-8B2E-0CE830161918}.Release (.Net 4.0)|Any CPU.Build.0 = Release|Any CPU
		{4FBEEDE7-7A33-4904-8B2E-0CE830161918}.Release (.Net 4.0)|Mixed Platforms.ActiveCfg = Release|Any CPU
		{4FBEEDE7-7A33-4904-8B2E-0CE830161918}.Release (.Net 4.0)|Mixed Platforms.Build.0 = Release|Any CPU
		{4FBEEDE7-7A33-4904-8B2E-0CE830161918}.Release (.Net 4.0)|x86.ActiveCfg = Release|Any CPU
		{4FBEEDE7-7A33-4904-8B2E-0CE830161918}.Release (.Net 4.0)|x86.Build.0 = Release|Any CPU
		{4FBEEDE7-7A33-4904-8B2E-0CE830161918}.Release|Any CPU.ActiveCfg = Release|Any CPU
		{4FBEEDE7-7A33-4904-8B2E-0CE830161918}.Release|Any CPU.Build.0 = Release|Any CPU
		{4FBEEDE7-7A33-4904-8B2E-0CE830161918}.Release|Mixed Platforms.ActiveCfg = Release|Any CPU
		{4FBEEDE7-7A33-4904-8B2E-0CE830161918}.Release|Mixed Platforms.Build.0 = Release|Any CPU
		{4FBEEDE7-7A33-4904-8B2E-0CE830161918}.Release|x86.ActiveCfg = Release|Any CPU
		{4FBEEDE7-7A33-4904-8B2E-0CE830161918}.Release|x86.Build.0 = Release|Any CPU
		{708F17E5-6273-4008-945E-137CEBA409FD}.AutomatedDebug|Any CPU.ActiveCfg = Debug|Any CPU
		{708F17E5-6273-4008-945E-137CEBA409FD}.AutomatedDebug|Any CPU.Build.0 = Debug|Any CPU
		{708F17E5-6273-4008-945E-137CEBA409FD}.AutomatedDebug|Mixed Platforms.ActiveCfg = Debug|Any CPU
		{708F17E5-6273-4008-945E-137CEBA409FD}.AutomatedDebug|Mixed Platforms.Build.0 = Debug|Any CPU
		{708F17E5-6273-4008-945E-137CEBA409FD}.AutomatedDebug|x86.ActiveCfg = Debug|Any CPU
		{708F17E5-6273-4008-945E-137CEBA409FD}.AutomatedDebug|x86.Build.0 = Debug|Any CPU
		{708F17E5-6273-4008-945E-137CEBA409FD}.Debug (.Net 4.0)|Any CPU.ActiveCfg = Debug|Any CPU
		{708F17E5-6273-4008-945E-137CEBA409FD}.Debug (.Net 4.0)|Any CPU.Build.0 = Debug|Any CPU
		{708F17E5-6273-4008-945E-137CEBA409FD}.Debug (.Net 4.0)|Mixed Platforms.ActiveCfg = Debug|Any CPU
		{708F17E5-6273-4008-945E-137CEBA409FD}.Debug (.Net 4.0)|Mixed Platforms.Build.0 = Debug|Any CPU
		{708F17E5-6273-4008-945E-137CEBA409FD}.Debug (.Net 4.0)|x86.ActiveCfg = Debug|Any CPU
		{708F17E5-6273-4008-945E-137CEBA409FD}.Debug (.Net 4.0)|x86.Build.0 = Debug|Any CPU
		{708F17E5-6273-4008-945E-137CEBA409FD}.Debug|Any CPU.ActiveCfg = Debug|Any CPU
		{708F17E5-6273-4008-945E-137CEBA409FD}.Debug|Any CPU.Build.0 = Debug|Any CPU
		{708F17E5-6273-4008-945E-137CEBA409FD}.Debug|Mixed Platforms.ActiveCfg = Debug|Any CPU
		{708F17E5-6273-4008-945E-137CEBA409FD}.Debug|Mixed Platforms.Build.0 = Debug|Any CPU
		{708F17E5-6273-4008-945E-137CEBA409FD}.Debug|x86.ActiveCfg = Debug|Any CPU
		{708F17E5-6273-4008-945E-137CEBA409FD}.Debug|x86.Build.0 = Debug|Any CPU
		{708F17E5-6273-4008-945E-137CEBA409FD}.Release (.Net 4.0)|Any CPU.ActiveCfg = Release|Any CPU
		{708F17E5-6273-4008-945E-137CEBA409FD}.Release (.Net 4.0)|Any CPU.Build.0 = Release|Any CPU
		{708F17E5-6273-4008-945E-137CEBA409FD}.Release (.Net 4.0)|Mixed Platforms.ActiveCfg = Release|Any CPU
		{708F17E5-6273-4008-945E-137CEBA409FD}.Release (.Net 4.0)|Mixed Platforms.Build.0 = Release|Any CPU
		{708F17E5-6273-4008-945E-137CEBA409FD}.Release (.Net 4.0)|x86.ActiveCfg = Release|Any CPU
		{708F17E5-6273-4008-945E-137CEBA409FD}.Release (.Net 4.0)|x86.Build.0 = Release|Any CPU
		{708F17E5-6273-4008-945E-137CEBA409FD}.Release|Any CPU.ActiveCfg = Release|Any CPU
		{708F17E5-6273-4008-945E-137CEBA409FD}.Release|Any CPU.Build.0 = Release|Any CPU
		{708F17E5-6273-4008-945E-137CEBA409FD}.Release|Mixed Platforms.ActiveCfg = Release|Any CPU
		{708F17E5-6273-4008-945E-137CEBA409FD}.Release|Mixed Platforms.Build.0 = Release|Any CPU
		{708F17E5-6273-4008-945E-137CEBA409FD}.Release|x86.ActiveCfg = Release|Any CPU
		{708F17E5-6273-4008-945E-137CEBA409FD}.Release|x86.Build.0 = Release|Any CPU
		{BB1CC0E4-83A7-4386-B447-3D86B224915E}.AutomatedDebug|Any CPU.ActiveCfg = Debug|Any CPU
		{BB1CC0E4-83A7-4386-B447-3D86B224915E}.AutomatedDebug|Any CPU.Build.0 = Debug|Any CPU
		{BB1CC0E4-83A7-4386-B447-3D86B224915E}.AutomatedDebug|Mixed Platforms.ActiveCfg = Debug|Any CPU
		{BB1CC0E4-83A7-4386-B447-3D86B224915E}.AutomatedDebug|Mixed Platforms.Build.0 = Debug|Any CPU
		{BB1CC0E4-83A7-4386-B447-3D86B224915E}.AutomatedDebug|x86.ActiveCfg = Debug|Any CPU
		{BB1CC0E4-83A7-4386-B447-3D86B224915E}.AutomatedDebug|x86.Build.0 = Debug|Any CPU
		{BB1CC0E4-83A7-4386-B447-3D86B224915E}.Debug (.Net 4.0)|Any CPU.ActiveCfg = Debug|Any CPU
		{BB1CC0E4-83A7-4386-B447-3D86B224915E}.Debug (.Net 4.0)|Any CPU.Build.0 = Debug|Any CPU
		{BB1CC0E4-83A7-4386-B447-3D86B224915E}.Debug (.Net 4.0)|Mixed Platforms.ActiveCfg = Debug|Any CPU
		{BB1CC0E4-83A7-4386-B447-3D86B224915E}.Debug (.Net 4.0)|Mixed Platforms.Build.0 = Debug|Any CPU
		{BB1CC0E4-83A7-4386-B447-3D86B224915E}.Debug (.Net 4.0)|x86.ActiveCfg = Debug|Any CPU
		{BB1CC0E4-83A7-4386-B447-3D86B224915E}.Debug (.Net 4.0)|x86.Build.0 = Debug|Any CPU
		{BB1CC0E4-83A7-4386-B447-3D86B224915E}.Debug|Any CPU.ActiveCfg = Debug|Any CPU
		{BB1CC0E4-83A7-4386-B447-3D86B224915E}.Debug|Any CPU.Build.0 = Debug|Any CPU
		{BB1CC0E4-83A7-4386-B447-3D86B224915E}.Debug|Mixed Platforms.ActiveCfg = Debug|Any CPU
		{BB1CC0E4-83A7-4386-B447-3D86B224915E}.Debug|Mixed Platforms.Build.0 = Debug|Any CPU
		{BB1CC0E4-83A7-4386-B447-3D86B224915E}.Debug|x86.ActiveCfg = Debug|Any CPU
		{BB1CC0E4-83A7-4386-B447-3D86B224915E}.Debug|x86.Build.0 = Debug|Any CPU
		{BB1CC0E4-83A7-4386-B447-3D86B224915E}.Release (.Net 4.0)|Any CPU.ActiveCfg = Release|Any CPU
		{BB1CC0E4-83A7-4386-B447-3D86B224915E}.Release (.Net 4.0)|Any CPU.Build.0 = Release|Any CPU
		{BB1CC0E4-83A7-4386-B447-3D86B224915E}.Release (.Net 4.0)|Mixed Platforms.ActiveCfg = Release|Any CPU
		{BB1CC0E4-83A7-4386-B447-3D86B224915E}.Release (.Net 4.0)|Mixed Platforms.Build.0 = Release|Any CPU
		{BB1CC0E4-83A7-4386-B447-3D86B224915E}.Release (.Net 4.0)|x86.ActiveCfg = Release|Any CPU
		{BB1CC0E4-83A7-4386-B447-3D86B224915E}.Release (.Net 4.0)|x86.Build.0 = Release|Any CPU
		{BB1CC0E4-83A7-4386-B447-3D86B224915E}.Release|Any CPU.ActiveCfg = Release|Any CPU
		{BB1CC0E4-83A7-4386-B447-3D86B224915E}.Release|Any CPU.Build.0 = Release|Any CPU
		{BB1CC0E4-83A7-4386-B447-3D86B224915E}.Release|Mixed Platforms.ActiveCfg = Release|Any CPU
		{BB1CC0E4-83A7-4386-B447-3D86B224915E}.Release|Mixed Platforms.Build.0 = Release|Any CPU
		{BB1CC0E4-83A7-4386-B447-3D86B224915E}.Release|x86.ActiveCfg = Release|Any CPU
		{BB1CC0E4-83A7-4386-B447-3D86B224915E}.Release|x86.Build.0 = Release|Any CPU
		{EFCBD374-702D-44CD-B06C-E66E137F5EFD}.AutomatedDebug|Any CPU.ActiveCfg = Debug|Any CPU
		{EFCBD374-702D-44CD-B06C-E66E137F5EFD}.AutomatedDebug|Any CPU.Build.0 = Debug|Any CPU
		{EFCBD374-702D-44CD-B06C-E66E137F5EFD}.AutomatedDebug|Mixed Platforms.ActiveCfg = Debug|Any CPU
		{EFCBD374-702D-44CD-B06C-E66E137F5EFD}.AutomatedDebug|Mixed Platforms.Build.0 = Debug|Any CPU
		{EFCBD374-702D-44CD-B06C-E66E137F5EFD}.AutomatedDebug|x86.ActiveCfg = Debug|Any CPU
		{EFCBD374-702D-44CD-B06C-E66E137F5EFD}.AutomatedDebug|x86.Build.0 = Debug|Any CPU
		{EFCBD374-702D-44CD-B06C-E66E137F5EFD}.Debug (.Net 4.0)|Any CPU.ActiveCfg = Debug|Any CPU
		{EFCBD374-702D-44CD-B06C-E66E137F5EFD}.Debug (.Net 4.0)|Any CPU.Build.0 = Debug|Any CPU
		{EFCBD374-702D-44CD-B06C-E66E137F5EFD}.Debug (.Net 4.0)|Mixed Platforms.ActiveCfg = Debug|Any CPU
		{EFCBD374-702D-44CD-B06C-E66E137F5EFD}.Debug (.Net 4.0)|Mixed Platforms.Build.0 = Debug|Any CPU
		{EFCBD374-702D-44CD-B06C-E66E137F5EFD}.Debug (.Net 4.0)|x86.ActiveCfg = Debug|Any CPU
		{EFCBD374-702D-44CD-B06C-E66E137F5EFD}.Debug (.Net 4.0)|x86.Build.0 = Debug|Any CPU
		{EFCBD374-702D-44CD-B06C-E66E137F5EFD}.Debug|Any CPU.ActiveCfg = Debug|Any CPU
		{EFCBD374-702D-44CD-B06C-E66E137F5EFD}.Debug|Any CPU.Build.0 = Debug|Any CPU
		{EFCBD374-702D-44CD-B06C-E66E137F5EFD}.Debug|Mixed Platforms.ActiveCfg = Debug|Any CPU
		{EFCBD374-702D-44CD-B06C-E66E137F5EFD}.Debug|Mixed Platforms.Build.0 = Debug|Any CPU
		{EFCBD374-702D-44CD-B06C-E66E137F5EFD}.Debug|x86.ActiveCfg = Debug|Any CPU
		{EFCBD374-702D-44CD-B06C-E66E137F5EFD}.Debug|x86.Build.0 = Debug|Any CPU
		{EFCBD374-702D-44CD-B06C-E66E137F5EFD}.Release (.Net 4.0)|Any CPU.ActiveCfg = Release|Any CPU
		{EFCBD374-702D-44CD-B06C-E66E137F5EFD}.Release (.Net 4.0)|Any CPU.Build.0 = Release|Any CPU
		{EFCBD374-702D-44CD-B06C-E66E137F5EFD}.Release (.Net 4.0)|Mixed Platforms.ActiveCfg = Release|Any CPU
		{EFCBD374-702D-44CD-B06C-E66E137F5EFD}.Release (.Net 4.0)|Mixed Platforms.Build.0 = Release|Any CPU
		{EFCBD374-702D-44CD-B06C-E66E137F5EFD}.Release (.Net 4.0)|x86.ActiveCfg = Release|Any CPU
		{EFCBD374-702D-44CD-B06C-E66E137F5EFD}.Release (.Net 4.0)|x86.Build.0 = Release|Any CPU
		{EFCBD374-702D-44CD-B06C-E66E137F5EFD}.Release|Any CPU.ActiveCfg = Release|Any CPU
		{EFCBD374-702D-44CD-B06C-E66E137F5EFD}.Release|Any CPU.Build.0 = Release|Any CPU
		{EFCBD374-702D-44CD-B06C-E66E137F5EFD}.Release|Mixed Platforms.ActiveCfg = Release|Any CPU
		{EFCBD374-702D-44CD-B06C-E66E137F5EFD}.Release|Mixed Platforms.Build.0 = Release|Any CPU
		{EFCBD374-702D-44CD-B06C-E66E137F5EFD}.Release|x86.ActiveCfg = Release|Any CPU
		{EFCBD374-702D-44CD-B06C-E66E137F5EFD}.Release|x86.Build.0 = Release|Any CPU
		{63B3BC8A-94F8-41F9-8D0B-5D6967140316}.AutomatedDebug|Any CPU.ActiveCfg = Debug|Any CPU
		{63B3BC8A-94F8-41F9-8D0B-5D6967140316}.AutomatedDebug|Any CPU.Build.0 = Debug|Any CPU
		{63B3BC8A-94F8-41F9-8D0B-5D6967140316}.AutomatedDebug|Mixed Platforms.ActiveCfg = Debug|Any CPU
		{63B3BC8A-94F8-41F9-8D0B-5D6967140316}.AutomatedDebug|Mixed Platforms.Build.0 = Debug|Any CPU
		{63B3BC8A-94F8-41F9-8D0B-5D6967140316}.AutomatedDebug|x86.ActiveCfg = Debug|Any CPU
		{63B3BC8A-94F8-41F9-8D0B-5D6967140316}.AutomatedDebug|x86.Build.0 = Debug|Any CPU
		{63B3BC8A-94F8-41F9-8D0B-5D6967140316}.Debug (.Net 4.0)|Any CPU.ActiveCfg = Debug|Any CPU
		{63B3BC8A-94F8-41F9-8D0B-5D6967140316}.Debug (.Net 4.0)|Any CPU.Build.0 = Debug|Any CPU
		{63B3BC8A-94F8-41F9-8D0B-5D6967140316}.Debug (.Net 4.0)|Mixed Platforms.ActiveCfg = Debug|Any CPU
		{63B3BC8A-94F8-41F9-8D0B-5D6967140316}.Debug (.Net 4.0)|Mixed Platforms.Build.0 = Debug|Any CPU
		{63B3BC8A-94F8-41F9-8D0B-5D6967140316}.Debug (.Net 4.0)|x86.ActiveCfg = Debug|Any CPU
		{63B3BC8A-94F8-41F9-8D0B-5D6967140316}.Debug (.Net 4.0)|x86.Build.0 = Debug|Any CPU
		{63B3BC8A-94F8-41F9-8D0B-5D6967140316}.Debug|Any CPU.ActiveCfg = Debug|Any CPU
		{63B3BC8A-94F8-41F9-8D0B-5D6967140316}.Debug|Any CPU.Build.0 = Debug|Any CPU
		{63B3BC8A-94F8-41F9-8D0B-5D6967140316}.Debug|Mixed Platforms.ActiveCfg = Debug|Any CPU
		{63B3BC8A-94F8-41F9-8D0B-5D6967140316}.Debug|Mixed Platforms.Build.0 = Debug|Any CPU
		{63B3BC8A-94F8-41F9-8D0B-5D6967140316}.Debug|x86.ActiveCfg = Debug|Any CPU
		{63B3BC8A-94F8-41F9-8D0B-5D6967140316}.Debug|x86.Build.0 = Debug|Any CPU
		{63B3BC8A-94F8-41F9-8D0B-5D6967140316}.Release (.Net 4.0)|Any CPU.ActiveCfg = Release|Any CPU
		{63B3BC8A-94F8-41F9-8D0B-5D6967140316}.Release (.Net 4.0)|Any CPU.Build.0 = Release|Any CPU
		{63B3BC8A-94F8-41F9-8D0B-5D6967140316}.Release (.Net 4.0)|Mixed Platforms.ActiveCfg = Release|Any CPU
		{63B3BC8A-94F8-41F9-8D0B-5D6967140316}.Release (.Net 4.0)|Mixed Platforms.Build.0 = Release|Any CPU
		{63B3BC8A-94F8-41F9-8D0B-5D6967140316}.Release (.Net 4.0)|x86.ActiveCfg = Release|Any CPU
		{63B3BC8A-94F8-41F9-8D0B-5D6967140316}.Release (.Net 4.0)|x86.Build.0 = Release|Any CPU
		{63B3BC8A-94F8-41F9-8D0B-5D6967140316}.Release|Any CPU.ActiveCfg = Release|Any CPU
		{63B3BC8A-94F8-41F9-8D0B-5D6967140316}.Release|Any CPU.Build.0 = Release|Any CPU
		{63B3BC8A-94F8-41F9-8D0B-5D6967140316}.Release|Mixed Platforms.ActiveCfg = Release|Any CPU
		{63B3BC8A-94F8-41F9-8D0B-5D6967140316}.Release|Mixed Platforms.Build.0 = Release|Any CPU
		{63B3BC8A-94F8-41F9-8D0B-5D6967140316}.Release|x86.ActiveCfg = Release|Any CPU
		{63B3BC8A-94F8-41F9-8D0B-5D6967140316}.Release|x86.Build.0 = Release|Any CPU
		{093B9268-2E1D-44A4-A716-656700E3E176}.AutomatedDebug|Any CPU.ActiveCfg = Debug|Any CPU
		{093B9268-2E1D-44A4-A716-656700E3E176}.AutomatedDebug|Any CPU.Build.0 = Debug|Any CPU
		{093B9268-2E1D-44A4-A716-656700E3E176}.AutomatedDebug|Mixed Platforms.ActiveCfg = Debug|Any CPU
		{093B9268-2E1D-44A4-A716-656700E3E176}.AutomatedDebug|Mixed Platforms.Build.0 = Debug|Any CPU
		{093B9268-2E1D-44A4-A716-656700E3E176}.AutomatedDebug|x86.ActiveCfg = Debug|Any CPU
		{093B9268-2E1D-44A4-A716-656700E3E176}.AutomatedDebug|x86.Build.0 = Debug|Any CPU
		{093B9268-2E1D-44A4-A716-656700E3E176}.Debug (.Net 4.0)|Any CPU.ActiveCfg = Debug|Any CPU
		{093B9268-2E1D-44A4-A716-656700E3E176}.Debug (.Net 4.0)|Any CPU.Build.0 = Debug|Any CPU
		{093B9268-2E1D-44A4-A716-656700E3E176}.Debug (.Net 4.0)|Mixed Platforms.ActiveCfg = Debug|Any CPU
		{093B9268-2E1D-44A4-A716-656700E3E176}.Debug (.Net 4.0)|Mixed Platforms.Build.0 = Debug|Any CPU
		{093B9268-2E1D-44A4-A716-656700E3E176}.Debug (.Net 4.0)|x86.ActiveCfg = Debug|Any CPU
		{093B9268-2E1D-44A4-A716-656700E3E176}.Debug (.Net 4.0)|x86.Build.0 = Debug|Any CPU
		{093B9268-2E1D-44A4-A716-656700E3E176}.Debug|Any CPU.ActiveCfg = Debug|Any CPU
		{093B9268-2E1D-44A4-A716-656700E3E176}.Debug|Any CPU.Build.0 = Debug|Any CPU
		{093B9268-2E1D-44A4-A716-656700E3E176}.Debug|Mixed Platforms.ActiveCfg = Debug|Any CPU
		{093B9268-2E1D-44A4-A716-656700E3E176}.Debug|Mixed Platforms.Build.0 = Debug|Any CPU
		{093B9268-2E1D-44A4-A716-656700E3E176}.Debug|x86.ActiveCfg = Debug|Any CPU
		{093B9268-2E1D-44A4-A716-656700E3E176}.Debug|x86.Build.0 = Debug|Any CPU
		{093B9268-2E1D-44A4-A716-656700E3E176}.Release (.Net 4.0)|Any CPU.ActiveCfg = Release|Any CPU
		{093B9268-2E1D-44A4-A716-656700E3E176}.Release (.Net 4.0)|Any CPU.Build.0 = Release|Any CPU
		{093B9268-2E1D-44A4-A716-656700E3E176}.Release (.Net 4.0)|Mixed Platforms.ActiveCfg = Release|Any CPU
		{093B9268-2E1D-44A4-A716-656700E3E176}.Release (.Net 4.0)|Mixed Platforms.Build.0 = Release|Any CPU
		{093B9268-2E1D-44A4-A716-656700E3E176}.Release (.Net 4.0)|x86.ActiveCfg = Release|Any CPU
		{093B9268-2E1D-44A4-A716-656700E3E176}.Release (.Net 4.0)|x86.Build.0 = Release|Any CPU
		{093B9268-2E1D-44A4-A716-656700E3E176}.Release|Any CPU.ActiveCfg = Release|Any CPU
		{093B9268-2E1D-44A4-A716-656700E3E176}.Release|Any CPU.Build.0 = Release|Any CPU
		{093B9268-2E1D-44A4-A716-656700E3E176}.Release|Mixed Platforms.ActiveCfg = Release|Any CPU
		{093B9268-2E1D-44A4-A716-656700E3E176}.Release|Mixed Platforms.Build.0 = Release|Any CPU
		{093B9268-2E1D-44A4-A716-656700E3E176}.Release|x86.ActiveCfg = Release|Any CPU
		{093B9268-2E1D-44A4-A716-656700E3E176}.Release|x86.Build.0 = Release|Any CPU
	EndGlobalSection
	GlobalSection(SolutionProperties) = preSolution
		HideSolutionNode = FALSE
	EndGlobalSection
	GlobalSection(NestedProjects) = preSolution
		{E8F31DD9-D108-4CDD-91BC-DBA67F8F761F} = {121173EA-1063-405C-84DF-406629D30992}
		{1E2831B7-7587-4AE5-B864-674B01DEE8E4} = {A7E4F8F3-CC23-4369-A80E-6E096FC1F746}
		{BBA9A2E5-355D-4427-B5B7-8022B1C9EE13} = {121173EA-1063-405C-84DF-406629D30992}
		{D7385152-80CF-4F6E-BDD4-5FCFE7636C4F} = {121173EA-1063-405C-84DF-406629D30992}
		{FE45AD2A-5B68-4F08-A8EC-A50272011CB7} = {121173EA-1063-405C-84DF-406629D30992}
		{4FBEEDE7-7A33-4904-8B2E-0CE830161918} = {121173EA-1063-405C-84DF-406629D30992}
		{708F17E5-6273-4008-945E-137CEBA409FD} = {121173EA-1063-405C-84DF-406629D30992}
		{BB1CC0E4-83A7-4386-B447-3D86B224915E} = {A7E4F8F3-CC23-4369-A80E-6E096FC1F746}
		{EFCBD374-702D-44CD-B06C-E66E137F5EFD} = {121173EA-1063-405C-84DF-406629D30992}
		{63B3BC8A-94F8-41F9-8D0B-5D6967140316} = {A7E4F8F3-CC23-4369-A80E-6E096FC1F746}
		{093B9268-2E1D-44A4-A716-656700E3E176} = {A7E4F8F3-CC23-4369-A80E-6E096FC1F746}
	EndGlobalSection
	GlobalSection(TestCaseManagementSettings) = postSolution
		CategoryFile = LIB_Selenium1.vsmdi
	EndGlobalSection
EndGlobal
