
Microsoft Visual Studio Solution File, Format Version 12.00
# Visual Studio 14
VisualStudioVersion = 14.0.25420.1
MinimumVisualStudioVersion = 10.0.40219.1
Project("{2150E333-8FDC-42A3-9474-1A3956D46DE8}") = "WebTest", "WebTest", "{04195C32-4182-4A35-A1D9-E59000AECD5C}"
EndProject
Project("{FAE04EC0-301F-11D3-BF4B-00C04F79EFBC}") = "WebTestSample.Common", "WebTestSample\WebTestSample.Common\WebTestSample.Common.csproj", "{A306DA36-0BB6-402C-BB4E-B12C1433CE3A}"
EndProject
Project("{FAE04EC0-301F-11D3-BF4B-00C04F79EFBC}") = "WebTestSample.Pages", "WebTestSample\WebTestSample.Pages\WebTestSample.Pages.csproj", "{3E771AE3-E619-4B96-A06C-D3E9EC0C62E2}"
EndProject
Project("{FAE04EC0-301F-11D3-BF4B-00C04F79EFBC}") = "WebTestSample.Specs", "WebTestSample\WebTestSample.Specs\WebTestSample.Specs.csproj", "{F41D0ACE-36FC-4EE8-A4D7-C8EAC87F3836}"
EndProject
Global
	GlobalSection(SolutionConfigurationPlatforms) = preSolution
		Chrome|Any CPU = Chrome|Any CPU
		Debug|Any CPU = Debug|Any CPU
		Firefox|Any CPU = Firefox|Any CPU
		InternetExplorer|Any CPU = InternetExplorer|Any CPU
		Release|Any CPU = Release|Any CPU
	EndGlobalSection
	GlobalSection(ProjectConfigurationPlatforms) = postSolution
		{A306DA36-0BB6-402C-BB4E-B12C1433CE3A}.Chrome|Any CPU.ActiveCfg = Release|Any CPU
		{A306DA36-0BB6-402C-BB4E-B12C1433CE3A}.Chrome|Any CPU.Build.0 = Release|Any CPU
		{A306DA36-0BB6-402C-BB4E-B12C1433CE3A}.Debug|Any CPU.ActiveCfg = Debug|Any CPU
		{A306DA36-0BB6-402C-BB4E-B12C1433CE3A}.Debug|Any CPU.Build.0 = Debug|Any CPU
		{A306DA36-0BB6-402C-BB4E-B12C1433CE3A}.Firefox|Any CPU.ActiveCfg = Release|Any CPU
		{A306DA36-0BB6-402C-BB4E-B12C1433CE3A}.Firefox|Any CPU.Build.0 = Release|Any CPU
		{A306DA36-0BB6-402C-BB4E-B12C1433CE3A}.InternetExplorer|Any CPU.ActiveCfg = Release|Any CPU
		{A306DA36-0BB6-402C-BB4E-B12C1433CE3A}.InternetExplorer|Any CPU.Build.0 = Release|Any CPU
		{A306DA36-0BB6-402C-BB4E-B12C1433CE3A}.Release|Any CPU.ActiveCfg = Release|Any CPU
		{A306DA36-0BB6-402C-BB4E-B12C1433CE3A}.Release|Any CPU.Build.0 = Release|Any CPU
		{3E771AE3-E619-4B96-A06C-D3E9EC0C62E2}.Chrome|Any CPU.ActiveCfg = Release|Any CPU
		{3E771AE3-E619-4B96-A06C-D3E9EC0C62E2}.Chrome|Any CPU.Build.0 = Release|Any CPU
		{3E771AE3-E619-4B96-A06C-D3E9EC0C62E2}.Debug|Any CPU.ActiveCfg = Debug|Any CPU
		{3E771AE3-E619-4B96-A06C-D3E9EC0C62E2}.Debug|Any CPU.Build.0 = Debug|Any CPU
		{3E771AE3-E619-4B96-A06C-D3E9EC0C62E2}.Firefox|Any CPU.ActiveCfg = Release|Any CPU
		{3E771AE3-E619-4B96-A06C-D3E9EC0C62E2}.Firefox|Any CPU.Build.0 = Release|Any CPU
		{3E771AE3-E619-4B96-A06C-D3E9EC0C62E2}.InternetExplorer|Any CPU.ActiveCfg = Release|Any CPU
		{3E771AE3-E619-4B96-A06C-D3E9EC0C62E2}.InternetExplorer|Any CPU.Build.0 = Release|Any CPU
		{3E771AE3-E619-4B96-A06C-D3E9EC0C62E2}.Release|Any CPU.ActiveCfg = Release|Any CPU
		{3E771AE3-E619-4B96-A06C-D3E9EC0C62E2}.Release|Any CPU.Build.0 = Release|Any CPU
		{F41D0ACE-36FC-4EE8-A4D7-C8EAC87F3836}.Chrome|Any CPU.ActiveCfg = Chrome|Any CPU
		{F41D0ACE-36FC-4EE8-A4D7-C8EAC87F3836}.Chrome|Any CPU.Build.0 = Chrome|Any CPU
		{F41D0ACE-36FC-4EE8-A4D7-C8EAC87F3836}.Debug|Any CPU.ActiveCfg = Debug|Any CPU
		{F41D0ACE-36FC-4EE8-A4D7-C8EAC87F3836}.Debug|Any CPU.Build.0 = Debug|Any CPU
		{F41D0ACE-36FC-4EE8-A4D7-C8EAC87F3836}.Firefox|Any CPU.ActiveCfg = Firefox|Any CPU
		{F41D0ACE-36FC-4EE8-A4D7-C8EAC87F3836}.Firefox|Any CPU.Build.0 = Firefox|Any CPU
		{F41D0ACE-36FC-4EE8-A4D7-C8EAC87F3836}.InternetExplorer|Any CPU.ActiveCfg = InternetExplorer|Any CPU
		{F41D0ACE-36FC-4EE8-A4D7-C8EAC87F3836}.InternetExplorer|Any CPU.Build.0 = InternetExplorer|Any CPU
		{F41D0ACE-36FC-4EE8-A4D7-C8EAC87F3836}.Release|Any CPU.ActiveCfg = Release|Any CPU
		{F41D0ACE-36FC-4EE8-A4D7-C8EAC87F3836}.Release|Any CPU.Build.0 = Release|Any CPU
	EndGlobalSection
	GlobalSection(SolutionProperties) = preSolution
		HideSolutionNode = FALSE
	EndGlobalSection
	GlobalSection(NestedProjects) = preSolution
		{A306DA36-0BB6-402C-BB4E-B12C1433CE3A} = {04195C32-4182-4A35-A1D9-E59000AECD5C}
		{3E771AE3-E619-4B96-A06C-D3E9EC0C62E2} = {04195C32-4182-4A35-A1D9-E59000AECD5C}
		{F41D0ACE-36FC-4EE8-A4D7-C8EAC87F3836} = {04195C32-4182-4A35-A1D9-E59000AECD5C}
	EndGlobalSection
EndGlobal
